<?xml version="1.0" encoding="utf-8"?>
<Project ToolsVersion="4.0" xmlns="http://schemas.microsoft.com/developer/msbuild/2003">
  <ItemGroup>
    <Filter Include="Source Files">
      <UniqueIdentifier>{4FC737F1-C7A5-4376-A066-2A32D752A2FF}</UniqueIdentifier>
      <Extensions>cpp;c;cc;cxx;def;odl;idl;hpj;bat;asm;asmx</Extensions>
    </Filter>
    <Filter Include="Header Files">
      <UniqueIdentifier>{93995380-89BD-4b04-88EB-625FBE52EBFB}</UniqueIdentifier>
      <Extensions>h;hh;hpp;hxx;hm;inl;inc;xsd</Extensions>
    </Filter>
    <Filter Include="Resource Files">
      <UniqueIdentifier>{67DA6AB6-F800-4c08-8B7A-83BB121AAD01}</UniqueIdentifier>
      <Extensions>rc;ico;cur;bmp;dlg;rc2;rct;bin;rgs;gif;jpg;jpeg;jpe;resx;tiff;tif;png;wav;mfcribbon-ms</Extensions>
    </Filter>
  </ItemGroup>
  <ItemGroup>
    <ClCompile Include="source\main.cpp">
      <Filter>Source Files</Filter>
    </ClCompile>
    <ClCompile Include="source\RoomMap.cpp">
      <Filter>Source Files</Filter>
    </ClCompile>
    <ClCompile Include="source\Room.cpp">
      <Filter>Source Files</Filter>
    </ClCompile>
    <ClCompile Include="source\NormalRoomFactory.cpp">
      <Filter>Source Files</Filter>
    </ClCompile>
    <ClCompile Include="source\NormalRoom.cpp">
      <Filter>Source Files</Filter>
    </ClCompile>
    <ClCompile Include="source\MagicRoomFactory.cpp">
      <Filter>Source Files</Filter>
    </ClCompile>
    <ClCompile Include="source\MagicRoom.cpp">
      <Filter>Source Files</Filter>
    </ClCompile>
    <ClCompile Include="source\ThirdParty\tinyxml\tinyxmlerror.cpp">
      <Filter>Source Files</Filter>
    </ClCompile>
    <ClCompile Include="source\ThirdParty\tinyxml\tinyxmlparser.cpp">
      <Filter>Source Files</Filter>
    </ClCompile>
    <ClCompile Include="source\ThirdParty\tinyxml\tinystr.cpp">
      <Filter>Source Files</Filter>
    </ClCompile>
    <ClCompile Include="source\ThirdParty\tinyxml\tinyxml.cpp">
      <Filter>Source Files</Filter>
    </ClCompile>
  </ItemGroup>
  <ItemGroup>
    <ClInclude Include="source\RoomMap.h">
      <Filter>Header Files</Filter>
    </ClInclude>
    <ClInclude Include="source\Room.h">
      <Filter>Header Files</Filter>
    </ClInclude>
    <ClInclude Include="source\definitions.h">
      <Filter>Header Files</Filter>
    </ClInclude>
    <ClInclude Include="source\RoomFactory.h">
      <Filter>Header Files</Filter>
    </ClInclude>
    <ClInclude Include="source\NormalRoomFactory.h">
      <Filter>Header Files</Filter>
    </ClInclude>
    <ClInclude Include="source\NormalRoom.h">
      <Filter>Header Files</Filter>
    </ClInclude>
    <ClInclude Include="source\MagicRoomFactory.h">
      <Filter>Header Files</Filter>
    </ClInclude>
    <ClInclude Include="source\MagicRoom.h">
      <Filter>Header Files</Filter>
    </ClInclude>
    <ClInclude Include="source\ThirdParty\tinyxml\tinystr.h">
      <Filter>Header Files</Filter>
    </ClInclude>
    <ClInclude Include="source\ThirdParty\tinyxml\tinyxml.h">
      <Filter>Header Files</Filter>
    </ClInclude>
  </ItemGroup>
  <ItemGroup>
    <Xml Include="Config\puzzle.xml">
      <Filter>Resource Files</Filter>
    </Xml>
    <Xml Include="Config\test.xml">
      <Filter>Resource Files</Filter>
    </Xml>
  </ItemGroup>
</Project>